
Microsoft Visual Studio Solution File, Format Version 12.00
# Visual Studio Version 17
VisualStudioVersion = 17.8.34322.80
MinimumVisualStudioVersion = 10.0.40219.1
Project("{FAE04EC0-301F-11D3-BF4B-00C04F79EFBC}") = "ProjectCountdown", "ProjectCountdown\ProjectCountdown.csproj", "{96A30EE6-5166-407A-AA82-3C9B1742B07B}"
EndProject
Global
	GlobalSection(SolutionConfigurationPlatforms) = preSolution
		Debug|Any CPU = Debug|Any CPU
		Release|Any CPU = Release|Any CPU
	EndGlobalSection
	GlobalSection(ProjectConfigurationPlatforms) = postSolution
		{96A30EE6-5166-407A-AA82-3C9B1742B07B}.Debug|Any CPU.ActiveCfg = Debug|Any CPU
		{96A30EE6-5166-407A-AA82-3C9B1742B07B}.Debug|Any CPU.Build.0 = Debug|Any CPU
		{96A30EE6-5166-407A-AA82-3C9B1742B07B}.Release|Any CPU.ActiveCfg = Release|Any CPU
		{96A30EE6-5166-407A-AA82-3C9B1742B07B}.Release|Any CPU.Build.0 = Release|Any CPU
	EndGlobalSection
	GlobalSection(SolutionProperties) = preSolution
		HideSolutionNode = FALSE
	EndGlobalSection
	GlobalSection(ExtensibilityGlobals) = postSolution
		SolutionGuid = {89280E30-2000-4878-8656-6E510ED1B789}
	EndGlobalSection
EndGlobal
